
Microsoft Visual Studio Solution File, Format Version 12.00
# Visual Studio Version 17
VisualStudioVersion = 17.5.33530.505
MinimumVisualStudioVersion = 10.0.40219.1
Project("{C9674DCB-5085-4A16-B785-4C70DD1589BD}") = "IntegrationServicesProject", "IntegrationServicesProject.dtproj", "{46C0C12D-A929-4F41-847B-CC2D4EC3C18A}"
EndProject
Project("{00D1A9C2-B5F0-4AF3-8072-F6C62B433612}") = "DataWarehouse", "..\..\DW\DataWarehouse\DataWarehouse.sqlproj", "{7DE7FF7C-D363-4050-A7F7-7868131A6C9C}"
EndProject
Global
	GlobalSection(SolutionConfigurationPlatforms) = preSolution
		Debug|Any CPU = Debug|Any CPU
		Development|Any CPU = Development|Any CPU
		Release|Any CPU = Release|Any CPU
	EndGlobalSection
	GlobalSection(ProjectConfigurationPlatforms) = postSolution
		{46C0C12D-A929-4F41-847B-CC2D4EC3C18A}.Debug|Any CPU.ActiveCfg = Development
		{46C0C12D-A929-4F41-847B-CC2D4EC3C18A}.Debug|Any CPU.Build.0 = Development
		{46C0C12D-A929-4F41-847B-CC2D4EC3C18A}.Development|Any CPU.ActiveCfg = Development
		{46C0C12D-A929-4F41-847B-CC2D4EC3C18A}.Development|Any CPU.Build.0 = Development
		{46C0C12D-A929-4F41-847B-CC2D4EC3C18A}.Release|Any CPU.ActiveCfg = Development
		{46C0C12D-A929-4F41-847B-CC2D4EC3C18A}.Release|Any CPU.Build.0 = Development
		{7DE7FF7C-D363-4050-A7F7-7868131A6C9C}.Debug|Any CPU.ActiveCfg = Debug|Any CPU
		{7DE7FF7C-D363-4050-A7F7-7868131A6C9C}.Debug|Any CPU.Build.0 = Debug|Any CPU
		{7DE7FF7C-D363-4050-A7F7-7868131A6C9C}.Debug|Any CPU.Deploy.0 = Debug|Any CPU
		{7DE7FF7C-D363-4050-A7F7-7868131A6C9C}.Development|Any CPU.ActiveCfg = Debug|Any CPU
		{7DE7FF7C-D363-4050-A7F7-7868131A6C9C}.Development|Any CPU.Build.0 = Debug|Any CPU
		{7DE7FF7C-D363-4050-A7F7-7868131A6C9C}.Development|Any CPU.Deploy.0 = Debug|Any CPU
		{7DE7FF7C-D363-4050-A7F7-7868131A6C9C}.Release|Any CPU.ActiveCfg = Release|Any CPU
		{7DE7FF7C-D363-4050-A7F7-7868131A6C9C}.Release|Any CPU.Build.0 = Release|Any CPU
		{7DE7FF7C-D363-4050-A7F7-7868131A6C9C}.Release|Any CPU.Deploy.0 = Release|Any CPU
	EndGlobalSection
	GlobalSection(SolutionProperties) = preSolution
		HideSolutionNode = FALSE
	EndGlobalSection
	GlobalSection(ExtensibilityGlobals) = postSolution
		SolutionGuid = {76E18DEA-EDA3-4455-ACE3-CC0FBF6B7DE0}
	EndGlobalSection
EndGlobal
